{
    "_readme": [
        "This file locks the dependencies of your project to a known state",
        "Read more about it at https://getcomposer.org/doc/01-basic-usage.md#composer-lock-the-lock-file",
        "This file is @generated automatically"
    ],
    "content-hash": "1b167baf38482dc42633181094449df7",
    "packages": [
        {
            "name": "gaoming13/wechat-php-sdk",
            "version": "1.7.1",
            "source": {
                "type": "git",
                "url": "https://github.com/gaoming13/wechat-php-sdk.git",
                "reference": "aa3e4aad90a154d2341d4e5d91789a457475e545"
            },
            "dist": {
                "type": "zip",
                "url": "https://files.phpcomposer.com/files/gaoming13/wechat-php-sdk/aa3e4aad90a154d2341d4e5d91789a457475e545.zip",
                "reference": "aa3e4aad90a154d2341d4e5d91789a457475e545",
                "shasum": ""
            },
            "require": {
                "ext-mcrypt": "*",
                "php": ">=5.3"
            },
            "type": "library",
            "autoload": {
                "psr-4": {
                    "Gaoming13\\WechatPhpSdk\\": "src/WechatPhpSdk/"
                }
            },
            "notification-url": "https://packagist.org/downloads/",
            "license": [
                "MIT"
            ],
            "authors": [
                {
                    "name": "gaoming13",
                    "email": "gaoming13@yeah.net"
                }
            ],
            "description": "微信公众平台php版开发包",
            "keywords": [
                "wechat",
                "wechat-php-sdk",
                "weixin"
            ],
            "time": "2016-12-28T05:40:18+00:00"
        }
    ],
    "packages-dev": [
        {
            "name": "monolog/monolog",
            "version": "1.2.1",
            "source": {
                "type": "git",
                "url": "https://github.com/Seldaek/monolog.git",
                "reference": "d16496318c3e08e3bccfc3866e104e49cf25488a"
            },
            "dist": {
                "type": "zip",
                "url": "https://files.phpcomposer.com/files/Seldaek/monolog/d16496318c3e08e3bccfc3866e104e49cf25488a.zip",
                "reference": "d16496318c3e08e3bccfc3866e104e49cf25488a",
                "shasum": ""
            },
            "require": {
                "php": ">=5.3.0"
            },
            "require-dev": {
                "mlehner/gelf-php": "1.0.*"
            },
            "suggest": {
                "ext-amqp": "Allow sending log messages to an AMQP server (1.0+ required)",
                "ext-mongo": "Allow sending log messages to a MongoDB server",
                "mlehner/gelf-php": "Allow sending log messages to a GrayLog2 server"
            },
            "type": "library",
            "extra": {
                "branch-alias": {
                    "dev-master": "1.3.x-dev"
                }
            },
            "autoload": {
                "psr-0": {
                    "Monolog": "src/"
                }
            },
            "notification-url": "https://packagist.org/downloads/",
            "license": [
                "MIT"
            ],
            "authors": [
                {
                    "name": "Jordi Boggiano",
                    "email": "j.boggiano@seld.be",
                    "homepage": "http://seld.be",
                    "role": "Developer"
                }
            ],
            "description": "Logging for PHP 5.3",
            "homepage": "http://github.com/Seldaek/monolog",
            "keywords": [
                "log",
                "logging"
            ],
            "time": "2012-08-29T11:53:20+00:00"
        }
    ],
    "aliases": [],
    "minimum-stability": "dev",
    "stability-flags": [],
    "prefer-stable": false,
    "prefer-lowest": false,
    "platform": {
        "php": ">=5.3.0"
    },
    "platform-dev": []
}
